{
  "name": "zero-homeless-hub-web",
  "version": "0.1.0",
  "lockfileVersion": 3,
  "requires": true,
  "packages": {
    "": {
      "name": "zero-homeless-hub-web",
      "version": "0.1.0",
      "private": true,
      "dependencies": {
        "next": "14.2.3",
        "react": "^18",
        "react-dom": "^18",
        "firebase": "^10.11.0"
      },
      "devDependencies": {
        "@types/node": "^20",
        "@types/react": "^18",
        "@types/react-dom": "^18",
        "typescript": "^5",
        "eslint": "^8",
        "eslint-config-next": "14.2.3"
      }
    },
    "node_modules/next": {
      "version": "14.2.3",
      "resolved": "https://registry.npmjs.org/next/-/next-14.2.3.tgz",
      "integrity": "sha512-dowKjF3lttADvgbBiYHvmkwLfJsxDr9xA7d8eMAJh2/U1EuJL3LTvUZJvj91ln+XqBwjl5f+w9+1UScMvNR6nQ=="
    },
    "node_modules/react": {
      "version": "18.2.0",
      "resolved": "https://registry.npmjs.org/react/-/react-18.2.0.tgz",
      "integrity": "sha512-/3IjMdb2cLMbaleXglVn8P1Wpc8gd/64PwVvHVbJwQlB4NFqwYrxXlmShkTdg03v+dcvu89ZPHoJhoIUadL4SQ=="
    },
    "node_modules/react-dom": {
      "version": "18.2.0",
      "resolved": "https://registry.npmjs.org/react-dom/-/react-dom-18.2.0.tgz",
      "integrity": "sha512-6IMTriUmvsjHUjNtEDudZfuSebWkSuvSHTrWfNycAzLAS5daQCxEcPtKmUHVmHyau+Z6UaeZH+qvikojZm3v+w=="
    },
    "node_modules/firebase": {
      "version": "10.11.0",
      "resolved": "https://registry.npmjs.org/firebase/-/firebase-10.11.0.tgz",
      "integrity": "sha512-k84pHh0K+xj1gTLHKj5RGFIKq4TDcNjEcR8RKamhbL0+3V3B9rrxVdH+VN0yPwfBdUL2aXLIQ+HWGOV0Qw/zA=="
    },
    "node_modules/@types/node": {
      "version": "20.10.0",
      "resolved": "https://registry.npmjs.org/@types/node/-/node-20.10.0.tgz",
      "integrity": "sha512-D0WfRmU9TQ8I9PFVm8QwB3W1dg6gaNT/x1wNa3XxVoGTE9lBDYIiqmsnKJ+xaJ+V7mWVodzOGIoShzy3f5DtNw=="
    },
    "node_modules/@types/react": {
      "version": "18.2.37",
      "resolved": "https://registry.npmjs.org/@types/react/-/react-18.2.37.tgz",
      "integrity": "sha512-mHiUcJ1M//4w6wMiH6fwDYJHXRN4HCBYZLRjzUc5qySTg1GmZuQJmqQuJTvT1P0bB2LuTIN0m0lBQv5Z7QH8Zg=="
    },
    "node_modules/@types/react-dom": {
      "version": "18.2.15",
      "resolved": "https://registry.npmjs.org/@types/react-dom/-/react-dom-18.2.15.tgz",
      "integrity": "sha512-HeYeT24sSuyWNXQ5PC2L5KNXsmgmQfyes+UXP4A5k4+3nVP8K95w5xB4A2u8/yFFisf7SAyf+XR/YiqmXV5+2g=="
    },
    "node_modules/typescript": {
      "version": "5.3.3",
      "resolved": "https://registry.npmjs.org/typescript/-/typescript-5.3.3.tgz",
      "integrity": "sha512-pMAXbUuncPiYrgApStlWGkVDFadeakJhEX8M8KE/f48NowveHkwW1Z1IKnstYO64Vt+V+eFgapZH0JomRfi3EA=="
    },
    "node_modules/eslint": {
      "version": "8.54.0",
      "resolved": "https://registry.npmjs.org/eslint/-/eslint-8.54.0.tgz",
      "integrity": "sha512-dEQYD/gBAYLHs8aW8JY0eCqDPS14QyL5Zusk/MPvZA8P27z2ff16PCJol8zNj5CgAuPSKwrdykvjBC3PtQ2mvw=="
    },
    "node_modules/eslint-config-next": {
      "version": "14.2.3",
      "resolved": "https://registry.npmjs.org/eslint-config-next/-/eslint-config-next-14.2.3.tgz",
      "integrity": "sha512-p0LtFJL3HM7/aD6LvB3xIYWrP3G7gKJaVgDV/DYmC1CePdcqmFKpH1gYr7jjj+r1dLgHQIBmFYI/C7R9YYfwA=="
    }
  }
}
